
Microsoft Visual Studio Solution File, Format Version 12.00
# Visual Studio Version 17
VisualStudioVersion = 17.6.33723.286
MinimumVisualStudioVersion = 10.0.40219.1
Project("{9A19103F-16F7-4668-BE54-9A1E7A4F7556}") = "ClientRecepts", "ClientRecepts\ClientRecepts.csproj", "{F3F107D4-B8F6-48A2-A6D8-39785D0DBFB3}"
EndProject
Project("{9A19103F-16F7-4668-BE54-9A1E7A4F7556}") = "ServerRecepts", "ServerRecepts\ServerRecepts.csproj", "{649DF39E-0BCD-4951-9A00-1127CA2671CD}"
EndProject
Project("{9A19103F-16F7-4668-BE54-9A1E7A4F7556}") = "Recepts", "Recepts\Recepts.csproj", "{E7A3B373-9B32-46B7-95C7-CBFF7FDF3BE1}"
EndProject
Project("{9A19103F-16F7-4668-BE54-9A1E7A4F7556}") = "Klopotenko", "Klopotenko\Klopotenko.csproj", "{632FE67A-3B61-4344-940B-271C4A7E21AA}"
EndProject
Project("{FAE04EC0-301F-11D3-BF4B-00C04F79EFBC}") = "ProductDish", "ProductDish\ProductDish.csproj", "{84B7F95B-2EF6-43C5-94FF-157E2D90E621}"
EndProject
Global
	GlobalSection(SolutionConfigurationPlatforms) = preSolution
		Debug|Any CPU = Debug|Any CPU
		Release|Any CPU = Release|Any CPU
	EndGlobalSection
	GlobalSection(ProjectConfigurationPlatforms) = postSolution
		{F3F107D4-B8F6-48A2-A6D8-39785D0DBFB3}.Debug|Any CPU.ActiveCfg = Debug|Any CPU
		{F3F107D4-B8F6-48A2-A6D8-39785D0DBFB3}.Debug|Any CPU.Build.0 = Debug|Any CPU
		{F3F107D4-B8F6-48A2-A6D8-39785D0DBFB3}.Release|Any CPU.ActiveCfg = Release|Any CPU
		{F3F107D4-B8F6-48A2-A6D8-39785D0DBFB3}.Release|Any CPU.Build.0 = Release|Any CPU
		{649DF39E-0BCD-4951-9A00-1127CA2671CD}.Debug|Any CPU.ActiveCfg = Debug|Any CPU
		{649DF39E-0BCD-4951-9A00-1127CA2671CD}.Debug|Any CPU.Build.0 = Debug|Any CPU
		{649DF39E-0BCD-4951-9A00-1127CA2671CD}.Release|Any CPU.ActiveCfg = Release|Any CPU
		{649DF39E-0BCD-4951-9A00-1127CA2671CD}.Release|Any CPU.Build.0 = Release|Any CPU
		{E7A3B373-9B32-46B7-95C7-CBFF7FDF3BE1}.Debug|Any CPU.ActiveCfg = Debug|Any CPU
		{E7A3B373-9B32-46B7-95C7-CBFF7FDF3BE1}.Debug|Any CPU.Build.0 = Debug|Any CPU
		{E7A3B373-9B32-46B7-95C7-CBFF7FDF3BE1}.Release|Any CPU.ActiveCfg = Release|Any CPU
		{E7A3B373-9B32-46B7-95C7-CBFF7FDF3BE1}.Release|Any CPU.Build.0 = Release|Any CPU
		{632FE67A-3B61-4344-940B-271C4A7E21AA}.Debug|Any CPU.ActiveCfg = Debug|Any CPU
		{632FE67A-3B61-4344-940B-271C4A7E21AA}.Debug|Any CPU.Build.0 = Debug|Any CPU
		{632FE67A-3B61-4344-940B-271C4A7E21AA}.Release|Any CPU.ActiveCfg = Release|Any CPU
		{632FE67A-3B61-4344-940B-271C4A7E21AA}.Release|Any CPU.Build.0 = Release|Any CPU
		{84B7F95B-2EF6-43C5-94FF-157E2D90E621}.Debug|Any CPU.ActiveCfg = Debug|Any CPU
		{84B7F95B-2EF6-43C5-94FF-157E2D90E621}.Debug|Any CPU.Build.0 = Debug|Any CPU
		{84B7F95B-2EF6-43C5-94FF-157E2D90E621}.Release|Any CPU.ActiveCfg = Release|Any CPU
		{84B7F95B-2EF6-43C5-94FF-157E2D90E621}.Release|Any CPU.Build.0 = Release|Any CPU
	EndGlobalSection
	GlobalSection(SolutionProperties) = preSolution
		HideSolutionNode = FALSE
	EndGlobalSection
	GlobalSection(ExtensibilityGlobals) = postSolution
		SolutionGuid = {B20D9F5C-719B-41E5-9A38-7BFC8C8C4D1A}
	EndGlobalSection
EndGlobal
